
Microsoft Visual Studio Solution File, Format Version 12.00
# Visual Studio Version 17
VisualStudioVersion = 17.6.33815.320
MinimumVisualStudioVersion = 10.0.40219.1
Project("{FAE04EC0-301F-11D3-BF4B-00C04F79EFBC}") = "Crawler.API", "Crawler.API\Crawler.API.csproj", "{D951F2FF-C175-403A-B2E9-1C7DCA1FFD90}"
EndProject
Project("{FAE04EC0-301F-11D3-BF4B-00C04F79EFBC}") = "Crawler.Infra.RabbitMq", "Crawler.Infra.RabbitMq\Crawler.Infra.RabbitMq.csproj", "{5E9C2305-AB22-4AD7-9581-F335AFFB9188}"
EndProject
Project("{E53339B2-1760-4266-BCC7-CA923CBCF16C}") = "docker-compose", "docker-compose.dcproj", "{D2407C6E-0424-49DB-A6F3-71173AA0F42B}"
EndProject
Global
	GlobalSection(SolutionConfigurationPlatforms) = preSolution
		Debug|Any CPU = Debug|Any CPU
		Release|Any CPU = Release|Any CPU
	EndGlobalSection
	GlobalSection(ProjectConfigurationPlatforms) = postSolution
		{D951F2FF-C175-403A-B2E9-1C7DCA1FFD90}.Debug|Any CPU.ActiveCfg = Debug|Any CPU
		{D951F2FF-C175-403A-B2E9-1C7DCA1FFD90}.Debug|Any CPU.Build.0 = Debug|Any CPU
		{D951F2FF-C175-403A-B2E9-1C7DCA1FFD90}.Release|Any CPU.ActiveCfg = Release|Any CPU
		{D951F2FF-C175-403A-B2E9-1C7DCA1FFD90}.Release|Any CPU.Build.0 = Release|Any CPU
		{5E9C2305-AB22-4AD7-9581-F335AFFB9188}.Debug|Any CPU.ActiveCfg = Debug|Any CPU
		{5E9C2305-AB22-4AD7-9581-F335AFFB9188}.Debug|Any CPU.Build.0 = Debug|Any CPU
		{5E9C2305-AB22-4AD7-9581-F335AFFB9188}.Release|Any CPU.ActiveCfg = Release|Any CPU
		{5E9C2305-AB22-4AD7-9581-F335AFFB9188}.Release|Any CPU.Build.0 = Release|Any CPU
		{D2407C6E-0424-49DB-A6F3-71173AA0F42B}.Debug|Any CPU.ActiveCfg = Debug|Any CPU
		{D2407C6E-0424-49DB-A6F3-71173AA0F42B}.Debug|Any CPU.Build.0 = Debug|Any CPU
		{D2407C6E-0424-49DB-A6F3-71173AA0F42B}.Release|Any CPU.ActiveCfg = Release|Any CPU
		{D2407C6E-0424-49DB-A6F3-71173AA0F42B}.Release|Any CPU.Build.0 = Release|Any CPU
	EndGlobalSection
	GlobalSection(SolutionProperties) = preSolution
		HideSolutionNode = FALSE
	EndGlobalSection
	GlobalSection(ExtensibilityGlobals) = postSolution
		SolutionGuid = {CB84A2A7-8423-411C-9D01-D9A9FAA151D4}
	EndGlobalSection
EndGlobal
